// !$*UTF8*$!
{
	archiveVersion = 1;
	classes = {
	};
	objectVersion = 46;
	objects = {

/* Begin PBXBuildFile section */
		AA636EF81A9F1B0100E7AFE2 /* main.m in Sources */ = {isa = PBXBuildFile; fileRef = AA636EF71A9F1B0100E7AFE2 /* main.m */; };
		AA636EFB1A9F1B0100E7AFE2 /* AppDelegate.m in Sources */ = {isa = PBXBuildFile; fileRef = AA636EFA1A9F1B0100E7AFE2 /* AppDelegate.m */; };
		AA636EFE1A9F1B0100E7AFE2 /* ViewController.m in Sources */ = {isa = PBXBuildFile; fileRef = AA636EFD1A9F1B0100E7AFE2 /* ViewController.m */; };
		AA636F011A9F1B0100E7AFE2 /* Main.storyboard in Resources */ = {isa = PBXBuildFile; fileRef = AA636EFF1A9F1B0100E7AFE2 /* Main.storyboard */; };
		AA636F031A9F1B0100E7AFE2 /* Images.xcassets in Resources */ = {isa = PBXBuildFile; fileRef = AA636F021A9F1B0100E7AFE2 /* Images.xcassets */; };
		AA636F061A9F1B0100E7AFE2 /* LaunchScreen.xib in Resources */ = {isa = PBXBuildFile; fileRef = AA636F041A9F1B0100E7AFE2 /* LaunchScreen.xib */; };
		AA636F121A9F1B0100E7AFE2 /* QapitalTestTests.m in Sources */ = {isa = PBXBuildFile; fileRef = AA636F111A9F1B0100E7AFE2 /* QapitalTestTests.m */; };
/* End PBXBuildFile section */

/* Begin PBXContainerItemProxy section */
		AA636F0C1A9F1B0100E7AFE2 /* PBXContainerItemProxy */ = {
			isa = PBXContainerItemProxy;
			containerPortal = AA636EEA1A9F1B0000E7AFE2 /* Project object */;
			proxyType = 1;
			remoteGlobalIDString = AA636EF11A9F1B0000E7AFE2;
			remoteInfo = QapitalTest;
		};
/* End PBXContainerItemProxy section */

/* Begin PBXFileReference section */
		AA636EF21A9F1B0100E7AFE2 /* QapitalTest.app */ = {isa = PBXFileReference; explicitFileType = wrapper.application; includeInIndex = 0; path = QapitalTest.app; sourceTree = BUILT_PRODUCTS_DIR; };
		AA636EF61A9F1B0100E7AFE2 /* Info.plist */ = {isa = PBXFileReference; lastKnownFileType = text.plist.xml; path = Info.plist; sourceTree = "<group>"; };
		AA636EF71A9F1B0100E7AFE2 /* main.m */ = {isa = PBXFileReference; lastKnownFileType = sourcecode.c.objc; path = main.m; sourceTree = "<group>"; };
		AA636EF91A9F1B0100E7AFE2 /* AppDelegate.h */ = {isa = PBXFileReference; lastKnownFileType = sourcecode.c.h; path = AppDelegate.h; sourceTree = "<group>"; };
		AA636EFA1A9F1B0100E7AFE2 /* AppDelegate.m */ = {isa = PBXFileReference; lastKnownFileType = sourcecode.c.objc; path = AppDelegate.m; sourceTree = "<group>"; };
		AA636EFC1A9F1B0100E7AFE2 /* ViewController.h */ = {isa = PBXFileReference; lastKnownFileType = sourcecode.c.h; path = ViewController.h; sourceTree = "<group>"; };
		AA636EFD1A9F1B0100E7AFE2 /* ViewController.m */ = {isa = PBXFileReference; lastKnownFileType = sourcecode.c.objc; path = ViewController.m; sourceTree = "<group>"; };
		AA636F001A9F1B0100E7AFE2 /* Base */ = {isa = PBXFileReference; lastKnownFileType = file.storyboard; name = Base; path = Base.lproj/Main.storyboard; sourceTree = "<group>"; };
		AA636F021A9F1B0100E7AFE2 /* Images.xcassets */ = {isa = PBXFileReference; lastKnownFileType = folder.assetcatalog; path = Images.xcassets; sourceTree = "<group>"; };
		AA636F051A9F1B0100E7AFE2 /* Base */ = {isa = PBXFileReference; lastKnownFileType = file.xib; name = Base; path = Base.lproj/LaunchScreen.xib; sourceTree = "<group>"; };
		AA636F0B1A9F1B0100E7AFE2 /* QapitalTestTests.xctest */ = {isa = PBXFileReference; explicitFileType = wrapper.cfbundle; includeInIndex = 0; path = QapitalTestTests.xctest; sourceTree = BUILT_PRODUCTS_DIR; };
		AA636F101A9F1B0100E7AFE2 /* Info.plist */ = {isa = PBXFileReference; lastKnownFileType = text.plist.xml; path = Info.plist; sourceTree = "<group>"; };
		AA636F111A9F1B0100E7AFE2 /* QapitalTestTests.m */ = {isa = PBXFileReference; lastKnownFileType = sourcecode.c.objc; path = QapitalTestTests.m; sourceTree = "<group>"; };
/* End PBXFileReference section */

/* Begin PBXFrameworksBuildPhase section */
		AA636EEF1A9F1B0000E7AFE2 /* Frameworks */ = {
			isa = PBXFrameworksBuildPhase;
			buildActionMask = 2147483647;
			files = (
			);
			runOnlyForDeploymentPostprocessing = 0;
		};
		AA636F081A9F1B0100E7AFE2 /* Frameworks */ = {
			isa = PBXFrameworksBuildPhase;
			buildActionMask = 2147483647;
			files = (
			);
			runOnlyForDeploymentPostprocessing = 0;
		};
/* End PBXFrameworksBuildPhase section */

/* Begin PBXGroup section */
		AA636EE91A9F1B0000E7AFE2 = {
			isa = PBXGroup;
			children = (
				AA636EF41A9F1B0100E7AFE2 /* QapitalTest */,
				AA636F0E1A9F1B0100E7AFE2 /* QapitalTestTests */,
				AA636EF31A9F1B0100E7AFE2 /* Products */,
			);
			sourceTree = "<group>";
		};
		AA636EF31A9F1B0100E7AFE2 /* Products */ = {
			isa = PBXGroup;
			children = (
				AA636EF21A9F1B0100E7AFE2 /* QapitalTest.app */,
				AA636F0B1A9F1B0100E7AFE2 /* QapitalTestTests.xctest */,
			);
			name = Products;
			sourceTree = "<group>";
		};
		AA636EF41A9F1B0100E7AFE2 /* QapitalTest */ = {
			isa = PBXGroup;
			children = (
				AA636EF91A9F1B0100E7AFE2 /* AppDelegate.h */,
				AA636EFA1A9F1B0100E7AFE2 /* AppDelegate.m */,
				AA636EFC1A9F1B0100E7AFE2 /* ViewController.h */,
				AA636EFD1A9F1B0100E7AFE2 /* ViewController.m */,
				AA636EFF1A9F1B0100E7AFE2 /* Main.storyboard */,
				AA636F021A9F1B0100E7AFE2 /* Images.xcassets */,
				AA636F041A9F1B0100E7AFE2 /* LaunchScreen.xib */,
				AA636EF51A9F1B0100E7AFE2 /* Supporting Files */,
			);
			path = QapitalTest;
			sourceTree = "<group>";
		};
		AA636EF51A9F1B0100E7AFE2 /* Supporting Files */ = {
			isa = PBXGroup;
			children = (
				AA636EF61A9F1B0100E7AFE2 /* Info.plist */,
				AA636EF71A9F1B0100E7AFE2 /* main.m */,
			);
			name = "Supporting Files";
			sourceTree = "<group>";
		};
		AA636F0E1A9F1B0100E7AFE2 /* QapitalTestTests */ = {
			isa = PBXGroup;
			children = (
				AA636F111A9F1B0100E7AFE2 /* QapitalTestTests.m */,
				AA636F0F1A9F1B0100E7AFE2 /* Supporting Files */,
			);
			path = QapitalTestTests;
			sourceTree = "<group>";
		};
		AA636F0F1A9F1B0100E7AFE2 /* Supporting Files */ = {
			isa = PBXGroup;
			children = (
				AA636F101A9F1B0100E7AFE2 /* Info.plist */,
			);
			name = "Supporting Files";
			sourceTree = "<group>";
		};
/* End PBXGroup section */

/* Begin PBXNativeTarget section */
		AA636EF11A9F1B0000E7AFE2 /* QapitalTest */ = {
			isa = PBXNativeTarget;
			buildConfigurationList = AA636F151A9F1B0100E7AFE2 /* Build configuration list for PBXNativeTarget "QapitalTest" */;
			buildPhases = (
				AA636EEE1A9F1B0000E7AFE2 /* Sources */,
				AA636EEF1A9F1B0000E7AFE2 /* Frameworks */,
				AA636EF01A9F1B0000E7AFE2 /* Resources */,
			);
			buildRules = (
			);
			dependencies = (
			);
			name = QapitalTest;
			productName = QapitalTest;
			productReference = AA636EF21A9F1B0100E7AFE2 /* QapitalTest.app */;
			productType = "com.apple.product-type.application";
		};
		AA636F0A1A9F1B0100E7AFE2 /* QapitalTestTests */ = {
			isa = PBXNativeTarget;
			buildConfigurationList = AA636F181A9F1B0100E7AFE2 /* Build configuration list for PBXNativeTarget "QapitalTestTests" */;
			buildPhases = (
				AA636F071A9F1B0100E7AFE2 /* Sources */,
				AA636F081A9F1B0100E7AFE2 /* Frameworks */,
				AA636F091A9F1B0100E7AFE2 /* Resources */,
			);
			buildRules = (
			);
			dependencies = (
				AA636F0D1A9F1B0100E7AFE2 /* PBXTargetDependency */,
			);
			name = QapitalTestTests;
			productName = QapitalTestTests;
			productReference = AA636F0B1A9F1B0100E7AFE2 /* QapitalTestTests.xctest */;
			productType = "com.apple.product-type.bundle.unit-test";
		};
/* End PBXNativeTarget section */

/* Begin PBXProject section */
		AA636EEA1A9F1B0000E7AFE2 /* Project object */ = {
			isa = PBXProject;
			attributes = {
				LastUpgradeCheck = 0610;
				ORGANIZATIONNAME = "Tudor Munteanu";
				TargetAttributes = {
					AA636EF11A9F1B0000E7AFE2 = {
						CreatedOnToolsVersion = 6.1.1;
					};
					AA636F0A1A9F1B0100E7AFE2 = {
						CreatedOnToolsVersion = 6.1.1;
						TestTargetID = AA636EF11A9F1B0000E7AFE2;
					};
				};
			};
			buildConfigurationList = AA636EED1A9F1B0000E7AFE2 /* Build configuration list for PBXProject "QapitalTest" */;
			compatibilityVersion = "Xcode 3.2";
			developmentRegion = English;
			hasScannedForEncodings = 0;
			knownRegions = (
				en,
				Base,
			);
			mainGroup = AA636EE91A9F1B0000E7AFE2;
			productRefGroup = AA636EF31A9F1B0100E7AFE2 /* Products */;
			projectDirPath = "";
			projectRoot = "";
			targets = (
				AA636EF11A9F1B0000E7AFE2 /* QapitalTest */,
				AA636F0A1A9F1B0100E7AFE2 /* QapitalTestTests */,
			);
		};
/* End PBXProject section */

/* Begin PBXResourcesBuildPhase section */
		AA636EF01A9F1B0000E7AFE2 /* Resources */ = {
			isa = PBXResourcesBuildPhase;
			buildActionMask = 2147483647;
			files = (
				AA636F011A9F1B0100E7AFE2 /* Main.storyboard in Resources */,
				AA636F061A9F1B0100E7AFE2 /* LaunchScreen.xib in Resources */,
				AA636F031A9F1B0100E7AFE2 /* Images.xcassets in Resources */,
			);
			runOnlyForDeploymentPostprocessing = 0;
		};
		AA636F091A9F1B0100E7AFE2 /* Resources */ = {
			isa = PBXResourcesBuildPhase;
			buildActionMask = 2147483647;
			files = (
			);
			runOnlyForDeploymentPostprocessing = 0;
		};
/* End PBXResourcesBuildPhase section */

/* Begin PBXSourcesBuildPhase section */
		AA636EEE1A9F1B0000E7AFE2 /* Sources */ = {
			isa = PBXSourcesBuildPhase;
			buildActionMask = 2147483647;
			files = (
				AA636EFE1A9F1B0100E7AFE2 /* ViewController.m in Sources */,
				AA636EFB1A9F1B0100E7AFE2 /* AppDelegate.m in Sources */,
				AA636EF81A9F1B0100E7AFE2 /* main.m in Sources */,
			);
			runOnlyForDeploymentPostprocessing = 0;
		};
		AA636F071A9F1B0100E7AFE2 /* Sources */ = {
			isa = PBXSourcesBuildPhase;
			buildActionMask = 2147483647;
			files = (
				AA636F121A9F1B0100E7AFE2 /* QapitalTestTests.m in Sources */,
			);
			runOnlyForDeploymentPostprocessing = 0;
		};
/* End PBXSourcesBuildPhase section */

/* Begin PBXTargetDependency section */
		AA636F0D1A9F1B0100E7AFE2 /* PBXTargetDependency */ = {
			isa = PBXTargetDependency;
			target = AA636EF11A9F1B0000E7AFE2 /* QapitalTest */;
			targetProxy = AA636F0C1A9F1B0100E7AFE2 /* PBXContainerItemProxy */;
		};
/* End PBXTargetDependency section */

/* Begin PBXVariantGroup section */
		AA636EFF1A9F1B0100E7AFE2 /* Main.storyboard */ = {
			isa = PBXVariantGroup;
			children = (
				AA636F001A9F1B0100E7AFE2 /* Base */,
			);
			name = Main.storyboard;
			sourceTree = "<group>";
		};
		AA636F041A9F1B0100E7AFE2 /* LaunchScreen.xib */ = {
			isa = PBXVariantGroup;
			children = (
				AA636F051A9F1B0100E7AFE2 /* Base */,
			);
			name = LaunchScreen.xib;
			sourceTree = "<group>";
		};
/* End PBXVariantGroup section */

/* Begin XCBuildConfiguration section */
		AA636F131A9F1B0100E7AFE2 /* Debug */ = {
			isa = XCBuildConfiguration;
			buildSettings = {
				ALWAYS_SEARCH_USER_PATHS = NO;
				CLANG_CXX_LANGUAGE_STANDARD = "gnu++0x";
				CLANG_CXX_LIBRARY = "libc++";
				CLANG_ENABLE_MODULES = YES;
				CLANG_ENABLE_OBJC_ARC = YES;
				CLANG_WARN_BOOL_CONVERSION = YES;
				CLANG_WARN_CONSTANT_CONVERSION = YES;
				CLANG_WARN_DIRECT_OBJC_ISA_USAGE = YES_ERROR;
				CLANG_WARN_EMPTY_BODY = YES;
				CLANG_WARN_ENUM_CONVERSION = YES;
				CLANG_WARN_INT_CONVERSION = YES;
				CLANG_WARN_OBJC_ROOT_CLASS = YES_ERROR;
				CLANG_WARN_UNREACHABLE_CODE = YES;
				CLANG_WARN__DUPLICATE_METHOD_MATCH = YES;
				"CODE_SIGN_IDENTITY[sdk=iphoneos*]" = "iPhone Developer";
				COPY_PHASE_STRIP = NO;
				ENABLE_STRICT_OBJC_MSGSEND = YES;
				GCC_C_LANGUAGE_STANDARD = gnu99;
				GCC_DYNAMIC_NO_PIC = NO;
				GCC_OPTIMIZATION_LEVEL = 0;
				GCC_PREPROCESSOR_DEFINITIONS = (
					"DEBUG=1",
					"$(inherited)",
				);
				GCC_SYMBOLS_PRIVATE_EXTERN = NO;
				GCC_WARN_64_TO_32_BIT_CONVERSION = YES;
				GCC_WARN_ABOUT_RETURN_TYPE = YES_ERROR;
				GCC_WARN_UNDECLARED_SELECTOR = YES;
				GCC_WARN_UNINITIALIZED_AUTOS = YES_AGGRESSIVE;
				GCC_WARN_UNUSED_FUNCTION = YES;
				GCC_WARN_UNUSED_VARIABLE = YES;
				IPHONEOS_DEPLOYMENT_TARGET = 8.1;
				MTL_ENABLE_DEBUG_INFO = YES;
				ONLY_ACTIVE_ARCH = YES;
				SDKROOT = iphoneos;
			};
			name = Debug;
		};
		AA636F141A9F1B0100E7AFE2 /* Release */ = {
			isa = XCBuildConfiguration;
			buildSettings = {
				ALWAYS_SEARCH_USER_PATHS = NO;
				CLANG_CXX_LANGUAGE_STANDARD = "gnu++0x";
				CLANG_CXX_LIBRARY = "libc++";
				CLANG_ENABLE_MODULES = YES;
				CLANG_ENABLE_OBJC_ARC = YES;
				CLANG_WARN_BOOL_CONVERSION = YES;
				CLANG_WARN_CONSTANT_CONVERSION = YES;
				CLANG_WARN_DIRECT_OBJC_ISA_USAGE = YES_ERROR;
				CLANG_WARN_EMPTY_BODY = YES;
				CLANG_WARN_ENUM_CONVERSION = YES;
				CLANG_WARN_INT_CONVERSION = YES;
				CLANG_WARN_OBJC_ROOT_CLASS = YES_ERROR;
				CLANG_WARN_UNREACHABLE_CODE = YES;
				CLANG_WARN__DUPLICATE_METHOD_MATCH = YES;
				"CODE_SIGN_IDENTITY[sdk=iphoneos*]" = "iPhone Developer";
				COPY_PHASE_STRIP = YES;
				ENABLE_NS_ASSERTIONS = NO;
				ENABLE_STRICT_OBJC_MSGSEND = YES;
				GCC_C_LANGUAGE_STANDARD = gnu99;
				GCC_WARN_64_TO_32_BIT_CONVERSION = YES;
				GCC_WARN_ABOUT_RETURN_TYPE = YES_ERROR;
				GCC_WARN_UNDECLARED_SELECTOR = YES;
				GCC_WARN_UNINITIALIZED_AUTOS = YES_AGGRESSIVE;
				GCC_WARN_UNUSED_FUNCTION = YES;
				GCC_WARN_UNUSED_VARIABLE = YES;
				IPHONEOS_DEPLOYMENT_TARGET = 8.1;
				MTL_ENABLE_DEBUG_INFO = NO;
				SDKROOT = iphoneos;
				VALIDATE_PRODUCT = YES;
			};
			name = Release;
		};
		AA636F161A9F1B0100E7AFE2 /* Debug */ = {
			isa = XCBuildConfiguration;
			buildSettings = {
				ASSETCATALOG_COMPILER_APPICON_NAME = AppIcon;
				INFOPLIST_FILE = QapitalTest/Info.plist;
				LD_RUNPATH_SEARCH_PATHS = "$(inherited) @executable_path/Frameworks";
				PRODUCT_NAME = "$(TARGET_NAME)";
			};
			name = Debug;
		};
		AA636F171A9F1B0100E7AFE2 /* Release */ = {
			isa = XCBuildConfiguration;
			buildSettings = {
				ASSETCATALOG_COMPILER_APPICON_NAME = AppIcon;
				INFOPLIST_FILE = QapitalTest/Info.plist;
				LD_RUNPATH_SEARCH_PATHS = "$(inherited) @executable_path/Frameworks";
				PRODUCT_NAME = "$(TARGET_NAME)";
			};
			name = Release;
		};
		AA636F191A9F1B0100E7AFE2 /* Debug */ = {
			isa = XCBuildConfiguration;
			buildSettings = {
				BUNDLE_LOADER = "$(TEST_HOST)";
				FRAMEWORK_SEARCH_PATHS = (
					"$(SDKROOT)/Developer/Library/Frameworks",
					"$(inherited)",
				);
				GCC_PREPROCESSOR_DEFINITIONS = (
					"DEBUG=1",
					"$(inherited)",
				);
				INFOPLIST_FILE = QapitalTestTests/Info.plist;
				LD_RUNPATH_SEARCH_PATHS = "$(inherited) @executable_path/Frameworks @loader_path/Frameworks";
				PRODUCT_NAME = "$(TARGET_NAME)";
				TEST_HOST = "$(BUILT_PRODUCTS_DIR)/QapitalTest.app/QapitalTest";
			};
			name = Debug;
		};
		AA636F1A1A9F1B0100E7AFE2 /* Release */ = {
			isa = XCBuildConfiguration;
			buildSettings = {
				BUNDLE_LOADER = "$(TEST_HOST)";
				FRAMEWORK_SEARCH_PATHS = (
					"$(SDKROOT)/Developer/Library/Frameworks",
					"$(inherited)",
				);
				INFOPLIST_FILE = QapitalTestTests/Info.plist;
				LD_RUNPATH_SEARCH_PATHS = "$(inherited) @executable_path/Frameworks @loader_path/Frameworks";
				PRODUCT_NAME = "$(TARGET_NAME)";
				TEST_HOST = "$(BUILT_PRODUCTS_DIR)/QapitalTest.app/QapitalTest";
			};
			name = Release;
		};
/* End XCBuildConfiguration section */

/* Begin XCConfigurationList section */
		AA636EED1A9F1B0000E7AFE2 /* Build configuration list for PBXProject "QapitalTest" */ = {
			isa = XCConfigurationList;
			buildConfigurations = (
				AA636F131A9F1B0100E7AFE2 /* Debug */,
				AA636F141A9F1B0100E7AFE2 /* Release */,
			);
			defaultConfigurationIsVisible = 0;
			defaultConfigurationName = Release;
		};
		AA636F151A9F1B0100E7AFE2 /* Build configuration list for PBXNativeTarget "QapitalTest" */ = {
			isa = XCConfigurationList;
			buildConfigurations = (
				AA636F161A9F1B0100E7AFE2 /* Debug */,
				AA636F171A9F1B0100E7AFE2 /* Release */,
			);
			defaultConfigurationIsVisible = 0;
		};
		AA636F181A9F1B0100E7AFE2 /* Build configuration list for PBXNativeTarget "QapitalTestTests" */ = {
			isa = XCConfigurationList;
			buildConfigurations = (
				AA636F191A9F1B0100E7AFE2 /* Debug */,
				AA636F1A1A9F1B0100E7AFE2 /* Release */,
			);
			defaultConfigurationIsVisible = 0;
		};
/* End XCConfigurationList section */
	};
	rootObject = AA636EEA1A9F1B0000E7AFE2 /* Project object */;
}
